
Microsoft Visual Studio Solution File, Format Version 12.00
# Visual Studio Version 17
VisualStudioVersion = 17.5.33530.505
MinimumVisualStudioVersion = 10.0.40219.1
Project("{FAE04EC0-301F-11D3-BF4B-00C04F79EFBC}") = "ExTratamentoDeExcecoes", "ExTratamentoDeExcecoes.csproj", "{5C3F7E56-E107-4E5E-8D97-948617EB1D3B}"
EndProject
Global
	GlobalSection(SolutionConfigurationPlatforms) = preSolution
		Debug|Any CPU = Debug|Any CPU
		Release|Any CPU = Release|Any CPU
	EndGlobalSection
	GlobalSection(ProjectConfigurationPlatforms) = postSolution
		{5C3F7E56-E107-4E5E-8D97-948617EB1D3B}.Debug|Any CPU.ActiveCfg = Debug|Any CPU
		{5C3F7E56-E107-4E5E-8D97-948617EB1D3B}.Debug|Any CPU.Build.0 = Debug|Any CPU
		{5C3F7E56-E107-4E5E-8D97-948617EB1D3B}.Release|Any CPU.ActiveCfg = Release|Any CPU
		{5C3F7E56-E107-4E5E-8D97-948617EB1D3B}.Release|Any CPU.Build.0 = Release|Any CPU
	EndGlobalSection
	GlobalSection(SolutionProperties) = preSolution
		HideSolutionNode = FALSE
	EndGlobalSection
	GlobalSection(ExtensibilityGlobals) = postSolution
		SolutionGuid = {8DC24AD5-717E-48A6-A20C-71A38ACD6009}
	EndGlobalSection
EndGlobal
